
Microsoft Visual Studio Solution File, Format Version 11.00
# Visual Studio 2010
Project("{8BC9CEB8-8B4A-11D0-8D11-00A0C91BC942}") = "WP_lab07", "WP_lab07\WP_lab07.vcxproj", "{9D7B16FC-7D0A-4D5A-BA22-1183E4E31C34}"
EndProject
Global
	GlobalSection(SolutionConfigurationPlatforms) = preSolution
		Debug|Win32 = Debug|Win32
		Release|Win32 = Release|Win32
	EndGlobalSection
	GlobalSection(ProjectConfigurationPlatforms) = postSolution
		{9D7B16FC-7D0A-4D5A-BA22-1183E4E31C34}.Debug|Win32.ActiveCfg = Debug|Win32
		{9D7B16FC-7D0A-4D5A-BA22-1183E4E31C34}.Debug|Win32.Build.0 = Debug|Win32
		{9D7B16FC-7D0A-4D5A-BA22-1183E4E31C34}.Release|Win32.ActiveCfg = Release|Win32
		{9D7B16FC-7D0A-4D5A-BA22-1183E4E31C34}.Release|Win32.Build.0 = Release|Win32
	EndGlobalSection
	GlobalSection(SolutionProperties) = preSolution
		HideSolutionNode = FALSE
	EndGlobalSection
EndGlobal
